
Microsoft Visual Studio Solution File, Format Version 12.00
# Visual Studio Version 16
VisualStudioVersion = 16.0.30803.129
MinimumVisualStudioVersion = 10.0.40219.1
Project("{FAE04EC0-301F-11D3-BF4B-00C04F79EFBC}") = "WpfSubViewExample", "WpfSubViewExample\WpfSubViewExample.csproj", "{AD86E050-7360-481E-A979-916EDD4219A3}"
EndProject
Global
	GlobalSection(SolutionConfigurationPlatforms) = preSolution
		Debug|Any CPU = Debug|Any CPU
		Release|Any CPU = Release|Any CPU
	EndGlobalSection
	GlobalSection(ProjectConfigurationPlatforms) = postSolution
		{AD86E050-7360-481E-A979-916EDD4219A3}.Debug|Any CPU.ActiveCfg = Debug|Any CPU
		{AD86E050-7360-481E-A979-916EDD4219A3}.Debug|Any CPU.Build.0 = Debug|Any CPU
		{AD86E050-7360-481E-A979-916EDD4219A3}.Release|Any CPU.ActiveCfg = Release|Any CPU
		{AD86E050-7360-481E-A979-916EDD4219A3}.Release|Any CPU.Build.0 = Release|Any CPU
	EndGlobalSection
	GlobalSection(SolutionProperties) = preSolution
		HideSolutionNode = FALSE
	EndGlobalSection
	GlobalSection(ExtensibilityGlobals) = postSolution
		SolutionGuid = {A02E80F4-25E1-4193-B260-065B45AA2C31}
	EndGlobalSection
EndGlobal
