
Microsoft Visual Studio Solution File, Format Version 12.00
# Visual Studio Version 17
VisualStudioVersion = 17.1.32210.238
MinimumVisualStudioVersion = 10.0.40219.1
Project("{9A19103F-16F7-4668-BE54-9A1E7A4F7556}") = "TourPlanner", "TourPlanner\TourPlanner.csproj", "{B25263F9-9899-4319-BCAA-6D2680BE7A20}"
EndProject
Project("{FAE04EC0-301F-11D3-BF4B-00C04F79EFBC}") = "TourPlanner.Test", "TourPlanner.Test\TourPlanner.Test.csproj", "{4CCC485E-0885-48CD-B836-421D622571CC}"
EndProject
Global
	GlobalSection(SolutionConfigurationPlatforms) = preSolution
		Debug|Any CPU = Debug|Any CPU
		Release|Any CPU = Release|Any CPU
	EndGlobalSection
	GlobalSection(ProjectConfigurationPlatforms) = postSolution
		{B25263F9-9899-4319-BCAA-6D2680BE7A20}.Debug|Any CPU.ActiveCfg = Debug|Any CPU
		{B25263F9-9899-4319-BCAA-6D2680BE7A20}.Debug|Any CPU.Build.0 = Debug|Any CPU
		{B25263F9-9899-4319-BCAA-6D2680BE7A20}.Release|Any CPU.ActiveCfg = Release|Any CPU
		{B25263F9-9899-4319-BCAA-6D2680BE7A20}.Release|Any CPU.Build.0 = Release|Any CPU
		{4CCC485E-0885-48CD-B836-421D622571CC}.Debug|Any CPU.ActiveCfg = Debug|Any CPU
		{4CCC485E-0885-48CD-B836-421D622571CC}.Debug|Any CPU.Build.0 = Debug|Any CPU
		{4CCC485E-0885-48CD-B836-421D622571CC}.Release|Any CPU.ActiveCfg = Release|Any CPU
		{4CCC485E-0885-48CD-B836-421D622571CC}.Release|Any CPU.Build.0 = Release|Any CPU
	EndGlobalSection
	GlobalSection(SolutionProperties) = preSolution
		HideSolutionNode = FALSE
	EndGlobalSection
	GlobalSection(ExtensibilityGlobals) = postSolution
		SolutionGuid = {E3933D29-383B-4CD9-8386-8AAAF5FB40DE}
	EndGlobalSection
EndGlobal
